
Microsoft Visual Studio Solution File, Format Version 12.00
# Visual Studio 2013
VisualStudioVersion = 12.0.30723.0
MinimumVisualStudioVersion = 10.0.40219.1
Project("{8BC9CEB8-8B4A-11D0-8D11-00A0C91BC942}") = "VirtualMemory", "VirtualMemory\VirtualMemory.vcxproj", "{2058719F-B052-479B-BFA3-CE98EBCBCA2F}"
EndProject
Project("{8BC9CEB8-8B4A-11D0-8D11-00A0C91BC942}") = "Heap", "Heap\Heap.vcxproj", "{6635C3DA-0610-4C1A-AF0A-794764B64772}"
EndProject
Project("{8BC9CEB8-8B4A-11D0-8D11-00A0C91BC942}") = "MMF", "MMF\MMF.vcxproj", "{4871B478-9DE0-4CE2-912E-10F1C642A6A6}"
EndProject
Project("{8BC9CEB8-8B4A-11D0-8D11-00A0C91BC942}") = "VertualAlloc", "VertualAlloc\VertualAlloc.vcxproj", "{49B947C2-6D85-4403-9F31-A478596A11EF}"
EndProject
Global
	GlobalSection(SolutionConfigurationPlatforms) = preSolution
		Debug|Win32 = Debug|Win32
		Release|Win32 = Release|Win32
	EndGlobalSection
	GlobalSection(ProjectConfigurationPlatforms) = postSolution
		{2058719F-B052-479B-BFA3-CE98EBCBCA2F}.Debug|Win32.ActiveCfg = Debug|Win32
		{2058719F-B052-479B-BFA3-CE98EBCBCA2F}.Debug|Win32.Build.0 = Debug|Win32
		{2058719F-B052-479B-BFA3-CE98EBCBCA2F}.Release|Win32.ActiveCfg = Release|Win32
		{2058719F-B052-479B-BFA3-CE98EBCBCA2F}.Release|Win32.Build.0 = Release|Win32
		{6635C3DA-0610-4C1A-AF0A-794764B64772}.Debug|Win32.ActiveCfg = Debug|Win32
		{6635C3DA-0610-4C1A-AF0A-794764B64772}.Debug|Win32.Build.0 = Debug|Win32
		{6635C3DA-0610-4C1A-AF0A-794764B64772}.Release|Win32.ActiveCfg = Release|Win32
		{6635C3DA-0610-4C1A-AF0A-794764B64772}.Release|Win32.Build.0 = Release|Win32
		{4871B478-9DE0-4CE2-912E-10F1C642A6A6}.Debug|Win32.ActiveCfg = Debug|Win32
		{4871B478-9DE0-4CE2-912E-10F1C642A6A6}.Debug|Win32.Build.0 = Debug|Win32
		{4871B478-9DE0-4CE2-912E-10F1C642A6A6}.Release|Win32.ActiveCfg = Release|Win32
		{4871B478-9DE0-4CE2-912E-10F1C642A6A6}.Release|Win32.Build.0 = Release|Win32
		{49B947C2-6D85-4403-9F31-A478596A11EF}.Debug|Win32.ActiveCfg = Debug|Win32
		{49B947C2-6D85-4403-9F31-A478596A11EF}.Debug|Win32.Build.0 = Debug|Win32
		{49B947C2-6D85-4403-9F31-A478596A11EF}.Release|Win32.ActiveCfg = Release|Win32
		{49B947C2-6D85-4403-9F31-A478596A11EF}.Release|Win32.Build.0 = Release|Win32
	EndGlobalSection
	GlobalSection(SolutionProperties) = preSolution
		HideSolutionNode = FALSE
	EndGlobalSection
EndGlobal
